// !$*UTF8*$!
{
	archiveVersion = 1;
	classes = {
	};
	objectVersion = 46;
	objects = {

/* Begin PBXBuildFile section */
		2834DD0C1CEBD36000F7AAAA /* Media.xcassets in Resources */ = {isa = PBXBuildFile; fileRef = 2834DD0B1CEBD36000F7AAAA /* Media.xcassets */; };
		286F83401CE9D7DB00606E01 /* AppDelegate.swift in Sources */ = {isa = PBXBuildFile; fileRef = 286F833F1CE9D7DB00606E01 /* AppDelegate.swift */; };
		286F83451CE9D7DB00606E01 /* Main.storyboard in Resources */ = {isa = PBXBuildFile; fileRef = 286F83431CE9D7DB00606E01 /* Main.storyboard */; };
		286F83471CE9D7DB00606E01 /* Assets.xcassets in Resources */ = {isa = PBXBuildFile; fileRef = 286F83461CE9D7DB00606E01 /* Assets.xcassets */; };
		286F834A1CE9D7DB00606E01 /* LaunchScreen.storyboard in Resources */ = {isa = PBXBuildFile; fileRef = 286F83481CE9D7DB00606E01 /* LaunchScreen.storyboard */; };
		286F83671CE9E86000606E01 /* Realm.framework in Frameworks */ = {isa = PBXBuildFile; fileRef = 286F83601CE9E84D00606E01 /* Realm.framework */; };
		286F83681CE9E86000606E01 /* Realm.framework in Embed Frameworks */ = {isa = PBXBuildFile; fileRef = 286F83601CE9E84D00606E01 /* Realm.framework */; settings = {ATTRIBUTES = (CodeSignOnCopy, RemoveHeadersOnCopy, ); }; };
		286F83691CE9E86000606E01 /* RealmSwift.framework in Frameworks */ = {isa = PBXBuildFile; fileRef = 286F83611CE9E84D00606E01 /* RealmSwift.framework */; };
		286F836A1CE9E86000606E01 /* RealmSwift.framework in Embed Frameworks */ = {isa = PBXBuildFile; fileRef = 286F83611CE9E84D00606E01 /* RealmSwift.framework */; settings = {ATTRIBUTES = (CodeSignOnCopy, RemoveHeadersOnCopy, ); }; };
		286F836C1CE9E8A100606E01 /* Models.swift in Sources */ = {isa = PBXBuildFile; fileRef = 286F836B1CE9E8A100606E01 /* Models.swift */; };
		28711A651CE9F02B008F9963 /* RepoTable.swift in Sources */ = {isa = PBXBuildFile; fileRef = 28711A641CE9F02B008F9963 /* RepoTable.swift */; };
		28711A671CEA177D008F9963 /* RepositoryCell.swift in Sources */ = {isa = PBXBuildFile; fileRef = 28711A661CEA177D008F9963 /* RepositoryCell.swift */; };
		28A4878D1CEBB92D0058EA6C /* Icons.xcassets in Resources */ = {isa = PBXBuildFile; fileRef = 28A4878C1CEBB92D0058EA6C /* Icons.xcassets */; };
		28F70AF81CEB2D17004741B9 /* Alamofire.framework in Frameworks */ = {isa = PBXBuildFile; fileRef = 28F70AF71CEB2D17004741B9 /* Alamofire.framework */; };
		28F70AF91CEB2D17004741B9 /* Alamofire.framework in Embed Frameworks */ = {isa = PBXBuildFile; fileRef = 28F70AF71CEB2D17004741B9 /* Alamofire.framework */; settings = {ATTRIBUTES = (CodeSignOnCopy, RemoveHeadersOnCopy, ); }; };
		28F70AFB1CEB34FE004741B9 /* Settings.swift in Sources */ = {isa = PBXBuildFile; fileRef = 28F70AFA1CEB34FE004741B9 /* Settings.swift */; };
		28F70AFD1CEB38A1004741B9 /* LanguageSelection.swift in Sources */ = {isa = PBXBuildFile; fileRef = 28F70AFC1CEB38A1004741B9 /* LanguageSelection.swift */; };
		28F70B011CEB3D4D004741B9 /* WebViewController.swift in Sources */ = {isa = PBXBuildFile; fileRef = 28F70B001CEB3D4D004741B9 /* WebViewController.swift */; };
/* End PBXBuildFile section */

/* Begin PBXCopyFilesBuildPhase section */
		286F835A1CE9DB4600606E01 /* Embed Frameworks */ = {
			isa = PBXCopyFilesBuildPhase;
			buildActionMask = 2147483647;
			dstPath = "";
			dstSubfolderSpec = 10;
			files = (
				286F83681CE9E86000606E01 /* Realm.framework in Embed Frameworks */,
				28F70AF91CEB2D17004741B9 /* Alamofire.framework in Embed Frameworks */,
				286F836A1CE9E86000606E01 /* RealmSwift.framework in Embed Frameworks */,
			);
			name = "Embed Frameworks";
			runOnlyForDeploymentPostprocessing = 0;
		};
/* End PBXCopyFilesBuildPhase section */

/* Begin PBXFileReference section */
		2834DD0B1CEBD36000F7AAAA /* Media.xcassets */ = {isa = PBXFileReference; lastKnownFileType = folder.assetcatalog; path = Media.xcassets; sourceTree = "<group>"; };
		286F833C1CE9D7DB00606E01 /* GitWatch.app */ = {isa = PBXFileReference; explicitFileType = wrapper.application; includeInIndex = 0; path = GitWatch.app; sourceTree = BUILT_PRODUCTS_DIR; };
		286F833F1CE9D7DB00606E01 /* AppDelegate.swift */ = {isa = PBXFileReference; lastKnownFileType = sourcecode.swift; path = AppDelegate.swift; sourceTree = "<group>"; };
		286F83441CE9D7DB00606E01 /* Base */ = {isa = PBXFileReference; lastKnownFileType = file.storyboard; name = Base; path = Base.lproj/Main.storyboard; sourceTree = "<group>"; };
		286F83461CE9D7DB00606E01 /* Assets.xcassets */ = {isa = PBXFileReference; lastKnownFileType = folder.assetcatalog; path = Assets.xcassets; sourceTree = "<group>"; };
		286F83491CE9D7DB00606E01 /* Base */ = {isa = PBXFileReference; lastKnownFileType = file.storyboard; name = Base; path = Base.lproj/LaunchScreen.storyboard; sourceTree = "<group>"; };
		286F834B1CE9D7DB00606E01 /* Info.plist */ = {isa = PBXFileReference; lastKnownFileType = text.plist.xml; path = Info.plist; sourceTree = "<group>"; };
		286F83601CE9E84D00606E01 /* Realm.framework */ = {isa = PBXFileReference; lastKnownFileType = wrapper.framework; name = Realm.framework; path = Carthage/Build/iOS/Realm.framework; sourceTree = SOURCE_ROOT; };
		286F83611CE9E84D00606E01 /* RealmSwift.framework */ = {isa = PBXFileReference; lastKnownFileType = wrapper.framework; name = RealmSwift.framework; path = Carthage/Build/iOS/RealmSwift.framework; sourceTree = SOURCE_ROOT; };
		286F836B1CE9E8A100606E01 /* Models.swift */ = {isa = PBXFileReference; fileEncoding = 4; lastKnownFileType = sourcecode.swift; path = Models.swift; sourceTree = "<group>"; };
		28711A641CE9F02B008F9963 /* RepoTable.swift */ = {isa = PBXFileReference; fileEncoding = 4; lastKnownFileType = sourcecode.swift; path = RepoTable.swift; sourceTree = "<group>"; };
		28711A661CEA177D008F9963 /* RepositoryCell.swift */ = {isa = PBXFileReference; fileEncoding = 4; lastKnownFileType = sourcecode.swift; path = RepositoryCell.swift; sourceTree = "<group>"; };
		28A4878C1CEBB92D0058EA6C /* Icons.xcassets */ = {isa = PBXFileReference; lastKnownFileType = folder.assetcatalog; path = Icons.xcassets; sourceTree = "<group>"; };
		28F70AF71CEB2D17004741B9 /* Alamofire.framework */ = {isa = PBXFileReference; lastKnownFileType = wrapper.framework; name = Alamofire.framework; path = ../Carthage/Build/iOS/Alamofire.framework; sourceTree = "<group>"; };
		28F70AFA1CEB34FE004741B9 /* Settings.swift */ = {isa = PBXFileReference; fileEncoding = 4; lastKnownFileType = sourcecode.swift; path = Settings.swift; sourceTree = "<group>"; };
		28F70AFC1CEB38A1004741B9 /* LanguageSelection.swift */ = {isa = PBXFileReference; fileEncoding = 4; lastKnownFileType = sourcecode.swift; path = LanguageSelection.swift; sourceTree = "<group>"; };
		28F70B001CEB3D4D004741B9 /* WebViewController.swift */ = {isa = PBXFileReference; fileEncoding = 4; lastKnownFileType = sourcecode.swift; path = WebViewController.swift; sourceTree = "<group>"; };
/* End PBXFileReference section */

/* Begin PBXFrameworksBuildPhase section */
		286F83391CE9D7DB00606E01 /* Frameworks */ = {
			isa = PBXFrameworksBuildPhase;
			buildActionMask = 2147483647;
			files = (
				286F83671CE9E86000606E01 /* Realm.framework in Frameworks */,
				28F70AF81CEB2D17004741B9 /* Alamofire.framework in Frameworks */,
				286F83691CE9E86000606E01 /* RealmSwift.framework in Frameworks */,
			);
			runOnlyForDeploymentPostprocessing = 0;
		};
/* End PBXFrameworksBuildPhase section */

/* Begin PBXGroup section */
		286F83331CE9D7DB00606E01 = {
			isa = PBXGroup;
			children = (
				286F833E1CE9D7DB00606E01 /* GitWatch */,
				286F833D1CE9D7DB00606E01 /* Products */,
			);
			sourceTree = "<group>";
		};
		286F833D1CE9D7DB00606E01 /* Products */ = {
			isa = PBXGroup;
			children = (
				286F833C1CE9D7DB00606E01 /* GitWatch.app */,
			);
			name = Products;
			sourceTree = "<group>";
		};
		286F833E1CE9D7DB00606E01 /* GitWatch */ = {
			isa = PBXGroup;
			children = (
				286F833F1CE9D7DB00606E01 /* AppDelegate.swift */,
				286F83431CE9D7DB00606E01 /* Main.storyboard */,
				28711A641CE9F02B008F9963 /* RepoTable.swift */,
				28F70AFC1CEB38A1004741B9 /* LanguageSelection.swift */,
				28F70B001CEB3D4D004741B9 /* WebViewController.swift */,
				28711A661CEA177D008F9963 /* RepositoryCell.swift */,
				28F70AFA1CEB34FE004741B9 /* Settings.swift */,
				286F836B1CE9E8A100606E01 /* Models.swift */,
				286F83461CE9D7DB00606E01 /* Assets.xcassets */,
				28A4878C1CEBB92D0058EA6C /* Icons.xcassets */,
				286F83481CE9D7DB00606E01 /* LaunchScreen.storyboard */,
				2834DD0B1CEBD36000F7AAAA /* Media.xcassets */,
				286F834B1CE9D7DB00606E01 /* Info.plist */,
				28F70AF71CEB2D17004741B9 /* Alamofire.framework */,
				286F83601CE9E84D00606E01 /* Realm.framework */,
				286F83611CE9E84D00606E01 /* RealmSwift.framework */,
			);
			path = GitWatch;
			sourceTree = "<group>";
		};
/* End PBXGroup section */

/* Begin PBXNativeTarget section */
		286F833B1CE9D7DB00606E01 /* GitWatch */ = {
			isa = PBXNativeTarget;
			buildConfigurationList = 286F834E1CE9D7DB00606E01 /* Build configuration list for PBXNativeTarget "GitWatch" */;
			buildPhases = (
				2821062D1CEE3E3E005053A8 /* INC BUILD No */,
				286F83381CE9D7DB00606E01 /* Sources */,
				286F83391CE9D7DB00606E01 /* Frameworks */,
				286F833A1CE9D7DB00606E01 /* Resources */,
				286F835A1CE9DB4600606E01 /* Embed Frameworks */,
				2821062C1CEE3DBC005053A8 /* REALM Bugfix */,
			);
			buildRules = (
			);
			dependencies = (
			);
			name = GitWatch;
			productName = GitWatch;
			productReference = 286F833C1CE9D7DB00606E01 /* GitWatch.app */;
			productType = "com.apple.product-type.application";
		};
/* End PBXNativeTarget section */

/* Begin PBXProject section */
		286F83341CE9D7DB00606E01 /* Project object */ = {
			isa = PBXProject;
			attributes = {
				LastSwiftUpdateCheck = 0730;
				LastUpgradeCheck = 0730;
				ORGANIZATIONNAME = Ingo;
				TargetAttributes = {
					286F833B1CE9D7DB00606E01 = {
						CreatedOnToolsVersion = 7.3.1;
						DevelopmentTeam = KT43342F9W;
					};
				};
			};
			buildConfigurationList = 286F83371CE9D7DB00606E01 /* Build configuration list for PBXProject "GitWatch" */;
			compatibilityVersion = "Xcode 3.2";
			developmentRegion = English;
			hasScannedForEncodings = 0;
			knownRegions = (
				en,
				Base,
			);
			mainGroup = 286F83331CE9D7DB00606E01;
			productRefGroup = 286F833D1CE9D7DB00606E01 /* Products */;
			projectDirPath = "";
			projectRoot = "";
			targets = (
				286F833B1CE9D7DB00606E01 /* GitWatch */,
			);
		};
/* End PBXProject section */

/* Begin PBXResourcesBuildPhase section */
		286F833A1CE9D7DB00606E01 /* Resources */ = {
			isa = PBXResourcesBuildPhase;
			buildActionMask = 2147483647;
			files = (
				2834DD0C1CEBD36000F7AAAA /* Media.xcassets in Resources */,
				286F834A1CE9D7DB00606E01 /* LaunchScreen.storyboard in Resources */,
				286F83471CE9D7DB00606E01 /* Assets.xcassets in Resources */,
				28A4878D1CEBB92D0058EA6C /* Icons.xcassets in Resources */,
				286F83451CE9D7DB00606E01 /* Main.storyboard in Resources */,
			);
			runOnlyForDeploymentPostprocessing = 0;
		};
/* End PBXResourcesBuildPhase section */

/* Begin PBXShellScriptBuildPhase section */
		2821062C1CEE3DBC005053A8 /* REALM Bugfix */ = {
			isa = PBXShellScriptBuildPhase;
			buildActionMask = 2147483647;
			files = (
			);
			inputPaths = (
			);
			name = "REALM Bugfix";
			outputPaths = (
			);
			runOnlyForDeploymentPostprocessing = 0;
			shellPath = /bin/sh;
			shellScript = "bash \"${BUILT_PRODUCTS_DIR}/${FRAMEWORKS_FOLDER_PATH}/Realm.framework/strip-frameworks.sh\"\n";
		};
		2821062D1CEE3E3E005053A8 /* INC BUILD No */ = {
			isa = PBXShellScriptBuildPhase;
			buildActionMask = 2147483647;
			files = (
			);
			inputPaths = (
			);
			name = "INC BUILD No";
			outputPaths = (
			);
			runOnlyForDeploymentPostprocessing = 0;
			shellPath = /bin/sh;
			shellScript = "# We only want to build the zip file when we build for distribution\nif [ \"$CONFIGURATION\" = \"Release\" ]\nthen\nbuildNumber=$(/usr/libexec/PlistBuddy -c \"Print CFBundleVersion\" \"${PROJECT_DIR}/${INFOPLIST_FILE}\")\nbuildNumber=$(($buildNumber + 1))\n\n\n/usr/libexec/PlistBuddy -c \"Set :CFBundleVersion $buildNumber\" \"${PROJECT_DIR}/${INFOPLIST_FILE}\"\n\nfi\n\n";
		};
/* End PBXShellScriptBuildPhase section */

/* Begin PBXSourcesBuildPhase section */
		286F83381CE9D7DB00606E01 /* Sources */ = {
			isa = PBXSourcesBuildPhase;
			buildActionMask = 2147483647;
			files = (
				28711A651CE9F02B008F9963 /* RepoTable.swift in Sources */,
				286F836C1CE9E8A100606E01 /* Models.swift in Sources */,
				286F83401CE9D7DB00606E01 /* AppDelegate.swift in Sources */,
				28711A671CEA177D008F9963 /* RepositoryCell.swift in Sources */,
				28F70B011CEB3D4D004741B9 /* WebViewController.swift in Sources */,
				28F70AFD1CEB38A1004741B9 /* LanguageSelection.swift in Sources */,
				28F70AFB1CEB34FE004741B9 /* Settings.swift in Sources */,
			);
			runOnlyForDeploymentPostprocessing = 0;
		};
/* End PBXSourcesBuildPhase section */

/* Begin PBXVariantGroup section */
		286F83431CE9D7DB00606E01 /* Main.storyboard */ = {
			isa = PBXVariantGroup;
			children = (
				286F83441CE9D7DB00606E01 /* Base */,
			);
			name = Main.storyboard;
			sourceTree = "<group>";
		};
		286F83481CE9D7DB00606E01 /* LaunchScreen.storyboard */ = {
			isa = PBXVariantGroup;
			children = (
				286F83491CE9D7DB00606E01 /* Base */,
			);
			name = LaunchScreen.storyboard;
			sourceTree = "<group>";
		};
/* End PBXVariantGroup section */

/* Begin XCBuildConfiguration section */
		286F834C1CE9D7DB00606E01 /* Debug */ = {
			isa = XCBuildConfiguration;
			buildSettings = {
				ALWAYS_SEARCH_USER_PATHS = NO;
				CLANG_ANALYZER_NONNULL = YES;
				CLANG_CXX_LANGUAGE_STANDARD = "gnu++0x";
				CLANG_CXX_LIBRARY = "libc++";
				CLANG_ENABLE_MODULES = YES;
				CLANG_ENABLE_OBJC_ARC = YES;
				CLANG_WARN_BOOL_CONVERSION = YES;
				CLANG_WARN_CONSTANT_CONVERSION = YES;
				CLANG_WARN_DIRECT_OBJC_ISA_USAGE = YES_ERROR;
				CLANG_WARN_EMPTY_BODY = YES;
				CLANG_WARN_ENUM_CONVERSION = YES;
				CLANG_WARN_INT_CONVERSION = YES;
				CLANG_WARN_OBJC_ROOT_CLASS = YES_ERROR;
				CLANG_WARN_UNREACHABLE_CODE = YES;
				CLANG_WARN__DUPLICATE_METHOD_MATCH = YES;
				"CODE_SIGN_IDENTITY[sdk=iphoneos*]" = "iPhone Developer";
				COPY_PHASE_STRIP = NO;
				DEBUG_INFORMATION_FORMAT = dwarf;
				ENABLE_STRICT_OBJC_MSGSEND = YES;
				ENABLE_TESTABILITY = YES;
				GCC_C_LANGUAGE_STANDARD = gnu99;
				GCC_DYNAMIC_NO_PIC = NO;
				GCC_NO_COMMON_BLOCKS = YES;
				GCC_OPTIMIZATION_LEVEL = 0;
				GCC_PREPROCESSOR_DEFINITIONS = (
					"DEBUG=1",
					"$(inherited)",
				);
				GCC_WARN_64_TO_32_BIT_CONVERSION = YES;
				GCC_WARN_ABOUT_RETURN_TYPE = YES_ERROR;
				GCC_WARN_UNDECLARED_SELECTOR = YES;
				GCC_WARN_UNINITIALIZED_AUTOS = YES_AGGRESSIVE;
				GCC_WARN_UNUSED_FUNCTION = YES;
				GCC_WARN_UNUSED_VARIABLE = YES;
				IPHONEOS_DEPLOYMENT_TARGET = 9.3;
				MTL_ENABLE_DEBUG_INFO = YES;
				ONLY_ACTIVE_ARCH = YES;
				SDKROOT = iphoneos;
				SWIFT_OPTIMIZATION_LEVEL = "-Onone";
				TARGETED_DEVICE_FAMILY = "1,2";
			};
			name = Debug;
		};
		286F834D1CE9D7DB00606E01 /* Release */ = {
			isa = XCBuildConfiguration;
			buildSettings = {
				ALWAYS_SEARCH_USER_PATHS = NO;
				CLANG_ANALYZER_NONNULL = YES;
				CLANG_CXX_LANGUAGE_STANDARD = "gnu++0x";
				CLANG_CXX_LIBRARY = "libc++";
				CLANG_ENABLE_MODULES = YES;
				CLANG_ENABLE_OBJC_ARC = YES;
				CLANG_WARN_BOOL_CONVERSION = YES;
				CLANG_WARN_CONSTANT_CONVERSION = YES;
				CLANG_WARN_DIRECT_OBJC_ISA_USAGE = YES_ERROR;
				CLANG_WARN_EMPTY_BODY = YES;
				CLANG_WARN_ENUM_CONVERSION = YES;
				CLANG_WARN_INT_CONVERSION = YES;
				CLANG_WARN_OBJC_ROOT_CLASS = YES_ERROR;
				CLANG_WARN_UNREACHABLE_CODE = YES;
				CLANG_WARN__DUPLICATE_METHOD_MATCH = YES;
				"CODE_SIGN_IDENTITY[sdk=iphoneos*]" = "iPhone Developer";
				COPY_PHASE_STRIP = NO;
				DEBUG_INFORMATION_FORMAT = "dwarf-with-dsym";
				ENABLE_NS_ASSERTIONS = NO;
				ENABLE_STRICT_OBJC_MSGSEND = YES;
				GCC_C_LANGUAGE_STANDARD = gnu99;
				GCC_NO_COMMON_BLOCKS = YES;
				GCC_WARN_64_TO_32_BIT_CONVERSION = YES;
				GCC_WARN_ABOUT_RETURN_TYPE = YES_ERROR;
				GCC_WARN_UNDECLARED_SELECTOR = YES;
				GCC_WARN_UNINITIALIZED_AUTOS = YES_AGGRESSIVE;
				GCC_WARN_UNUSED_FUNCTION = YES;
				GCC_WARN_UNUSED_VARIABLE = YES;
				IPHONEOS_DEPLOYMENT_TARGET = 9.3;
				MTL_ENABLE_DEBUG_INFO = NO;
				SDKROOT = iphoneos;
				TARGETED_DEVICE_FAMILY = "1,2";
				VALIDATE_PRODUCT = YES;
			};
			name = Release;
		};
		286F834F1CE9D7DB00606E01 /* Debug */ = {
			isa = XCBuildConfiguration;
			buildSettings = {
				ASSETCATALOG_COMPILER_APPICON_NAME = AppIcon;
				CODE_SIGN_IDENTITY = "iPhone Developer";
				FRAMEWORK_SEARCH_PATHS = (
					"$(inherited)",
					"$(PROJECT_DIR)/GitWatch",
					"$(PROJECT_DIR)/Carthage/Build/iOS",
				);
				INFOPLIST_FILE = GitWatch/Info.plist;
				IPHONEOS_DEPLOYMENT_TARGET = 9.0;
				LD_RUNPATH_SEARCH_PATHS = "$(inherited) @executable_path/Frameworks";
				PRODUCT_BUNDLE_IDENTIFIER = de.IBMobile.GitWatch;
				PRODUCT_NAME = "$(TARGET_NAME)";
			};
			name = Debug;
		};
		286F83501CE9D7DB00606E01 /* Release */ = {
			isa = XCBuildConfiguration;
			buildSettings = {
				ASSETCATALOG_COMPILER_APPICON_NAME = AppIcon;
				CODE_SIGN_IDENTITY = "iPhone Developer";
				FRAMEWORK_SEARCH_PATHS = (
					"$(inherited)",
					"$(PROJECT_DIR)/GitWatch",
					"$(PROJECT_DIR)/Carthage/Build/iOS",
				);
				INFOPLIST_FILE = GitWatch/Info.plist;
				IPHONEOS_DEPLOYMENT_TARGET = 9.0;
				LD_RUNPATH_SEARCH_PATHS = "$(inherited) @executable_path/Frameworks";
				PRODUCT_BUNDLE_IDENTIFIER = de.IBMobile.GitWatch;
				PRODUCT_NAME = "$(TARGET_NAME)";
			};
			name = Release;
		};
/* End XCBuildConfiguration section */

/* Begin XCConfigurationList section */
		286F83371CE9D7DB00606E01 /* Build configuration list for PBXProject "GitWatch" */ = {
			isa = XCConfigurationList;
			buildConfigurations = (
				286F834C1CE9D7DB00606E01 /* Debug */,
				286F834D1CE9D7DB00606E01 /* Release */,
			);
			defaultConfigurationIsVisible = 0;
			defaultConfigurationName = Release;
		};
		286F834E1CE9D7DB00606E01 /* Build configuration list for PBXNativeTarget "GitWatch" */ = {
			isa = XCConfigurationList;
			buildConfigurations = (
				286F834F1CE9D7DB00606E01 /* Debug */,
				286F83501CE9D7DB00606E01 /* Release */,
			);
			defaultConfigurationIsVisible = 0;
			defaultConfigurationName = Release;
		};
/* End XCConfigurationList section */
	};
	rootObject = 286F83341CE9D7DB00606E01 /* Project object */;
}
